
Microsoft Visual Studio Solution File, Format Version 12.00
# Visual Studio Version 16
VisualStudioVersion = 16.0.28714.193
MinimumVisualStudioVersion = 10.0.40219.1
Project("{FAE04EC0-301F-11D3-BF4B-00C04F79EFBC}") = "HEIF.NET", "HEIF.NET.csproj", "{08010C06-0858-4DE0-853D-129DF44F26DF}"
EndProject
Project("{FAE04EC0-301F-11D3-BF4B-00C04F79EFBC}") = "TestApp", "..\TestApp\TestApp.csproj", "{83CC6708-9107-44EE-9CB2-9AC3F3A1B304}"
EndProject
Project("{2150E333-8FDC-42A3-9474-1A3956D46DE8}") = "TestImages", "TestImages", "{5A5ED08A-48D0-4804-A98C-0F4CCA1AA0D8}"
EndProject
Project("{8BC9CEB8-8B4A-11D0-8D11-00A0C91BC942}") = "HEIF.NET.Wrapper", "..\HEIF.NET.Wrapper\HEIF.NET.Wrapper.vcxproj", "{C3FB5448-C367-4E98-B17B-9DC49A63D8EE}"
EndProject
Global
	GlobalSection(SolutionConfigurationPlatforms) = preSolution
		Debug|x64 = Debug|x64
		Release|x64 = Release|x64
	EndGlobalSection
	GlobalSection(ProjectConfigurationPlatforms) = postSolution
		{08010C06-0858-4DE0-853D-129DF44F26DF}.Debug|x64.ActiveCfg = Debug|x64
		{08010C06-0858-4DE0-853D-129DF44F26DF}.Debug|x64.Build.0 = Debug|x64
		{08010C06-0858-4DE0-853D-129DF44F26DF}.Release|x64.ActiveCfg = Release|x64
		{08010C06-0858-4DE0-853D-129DF44F26DF}.Release|x64.Build.0 = Release|x64
		{83CC6708-9107-44EE-9CB2-9AC3F3A1B304}.Debug|x64.ActiveCfg = Debug|x64
		{83CC6708-9107-44EE-9CB2-9AC3F3A1B304}.Debug|x64.Build.0 = Debug|x64
		{83CC6708-9107-44EE-9CB2-9AC3F3A1B304}.Release|x64.ActiveCfg = Release|x64
		{83CC6708-9107-44EE-9CB2-9AC3F3A1B304}.Release|x64.Build.0 = Release|x64
		{C3FB5448-C367-4E98-B17B-9DC49A63D8EE}.Debug|x64.ActiveCfg = Debug|x64
		{C3FB5448-C367-4E98-B17B-9DC49A63D8EE}.Debug|x64.Build.0 = Debug|x64
		{C3FB5448-C367-4E98-B17B-9DC49A63D8EE}.Release|x64.ActiveCfg = Release|x64
		{C3FB5448-C367-4E98-B17B-9DC49A63D8EE}.Release|x64.Build.0 = Release|x64
	EndGlobalSection
	GlobalSection(SolutionProperties) = preSolution
		HideSolutionNode = FALSE
	EndGlobalSection
	GlobalSection(ExtensibilityGlobals) = postSolution
		SolutionGuid = {48036AB8-C67C-4256-8702-3C32B43EDE7E}
	EndGlobalSection
EndGlobal
