
Microsoft Visual Studio Solution File, Format Version 12.00
# Visual Studio 14
VisualStudioVersion = 14.0.25420.1
MinimumVisualStudioVersion = 10.0.40219.1
Project("{FAE04EC0-301F-11D3-BF4B-00C04F79EFBC}") = "HEIF.NET", "HEIF.NET.csproj", "{08010C06-0858-4DE0-853D-129DF44F26DF}"
EndProject
Global
	GlobalSection(SolutionConfigurationPlatforms) = preSolution
		Debug|Any CPU = Debug|Any CPU
		Release|Any CPU = Release|Any CPU
	EndGlobalSection
	GlobalSection(ProjectConfigurationPlatforms) = postSolution
		{08010C06-0858-4DE0-853D-129DF44F26DF}.Debug|Any CPU.ActiveCfg = Debug|Any CPU
		{08010C06-0858-4DE0-853D-129DF44F26DF}.Debug|Any CPU.Build.0 = Debug|Any CPU
		{08010C06-0858-4DE0-853D-129DF44F26DF}.Release|Any CPU.ActiveCfg = Release|Any CPU
		{08010C06-0858-4DE0-853D-129DF44F26DF}.Release|Any CPU.Build.0 = Release|Any CPU
	EndGlobalSection
	GlobalSection(SolutionProperties) = preSolution
		HideSolutionNode = FALSE
	EndGlobalSection
EndGlobal
